
Microsoft Visual Studio Solution File, Format Version 12.00
# Visual Studio 2013
VisualStudioVersion = 12.0.31101.0
MinimumVisualStudioVersion = 10.0.40219.1
Project("{2150E333-8FDC-42A3-9474-1A3956D46DE8}") = "Engine", "Engine", "{2E950318-6B94-4D6B-9AFE-18D27AA9B5EF}"
EndProject
Project("{2150E333-8FDC-42A3-9474-1A3956D46DE8}") = "Games", "Games", "{98932C88-2C7E-4092-97B8-7A3EB9D79939}"
EndProject
Project("{8BC9CEB8-8B4A-11D0-8D11-00A0C91BC942}") = "Neo_Terra", "Intermediate\ProjectFiles\Neo_Terra.vcxproj", "{483E8DB6-449F-4180-BE83-AD7133326DDD}"
EndProject
Project("{8BC9CEB8-8B4A-11D0-8D11-00A0C91BC942}") = "UE4", "Intermediate\ProjectFiles\UE4.vcxproj", "{667CBB05-5E37-47E2-9DFD-03BD892BCBB4}"
EndProject
Global
	GlobalSection(SolutionConfigurationPlatforms) = preSolution
		DebugGame Editor|Windows = DebugGame Editor|Windows
		DebugGame|Windows = DebugGame|Windows
		Development Editor|Windows = Development Editor|Windows
		Development|Windows = Development|Windows
		Shipping|Windows = Shipping|Windows
	EndGlobalSection
	GlobalSection(ProjectConfigurationPlatforms) = postSolution
		{483E8DB6-449F-4180-BE83-AD7133326DDD}.DebugGame Editor|Windows.ActiveCfg = DebugGame_Editor|x64
		{483E8DB6-449F-4180-BE83-AD7133326DDD}.DebugGame Editor|Windows.Build.0 = DebugGame_Editor|x64
		{483E8DB6-449F-4180-BE83-AD7133326DDD}.DebugGame|Windows.ActiveCfg = DebugGame_Game|x64
		{483E8DB6-449F-4180-BE83-AD7133326DDD}.DebugGame|Windows.Build.0 = DebugGame_Game|x64
		{483E8DB6-449F-4180-BE83-AD7133326DDD}.Development Editor|Windows.ActiveCfg = Development_Editor|x64
		{483E8DB6-449F-4180-BE83-AD7133326DDD}.Development Editor|Windows.Build.0 = Development_Editor|x64
		{483E8DB6-449F-4180-BE83-AD7133326DDD}.Development|Windows.ActiveCfg = Development_Game|x64
		{483E8DB6-449F-4180-BE83-AD7133326DDD}.Development|Windows.Build.0 = Development_Game|x64
		{483E8DB6-449F-4180-BE83-AD7133326DDD}.Shipping|Windows.ActiveCfg = Shipping_Game|Win32
		{483E8DB6-449F-4180-BE83-AD7133326DDD}.Shipping|Windows.Build.0 = Shipping_Game|Win32
		{667CBB05-5E37-47E2-9DFD-03BD892BCBB4}.DebugGame Editor|Windows.ActiveCfg = BuiltWithUnrealBuildTool|Win32
		{667CBB05-5E37-47E2-9DFD-03BD892BCBB4}.DebugGame|Windows.ActiveCfg = BuiltWithUnrealBuildTool|Win32
		{667CBB05-5E37-47E2-9DFD-03BD892BCBB4}.Development Editor|Windows.ActiveCfg = BuiltWithUnrealBuildTool|Win32
		{667CBB05-5E37-47E2-9DFD-03BD892BCBB4}.Development|Windows.ActiveCfg = BuiltWithUnrealBuildTool|Win32
		{667CBB05-5E37-47E2-9DFD-03BD892BCBB4}.Shipping|Windows.ActiveCfg = BuiltWithUnrealBuildTool|Win32
	EndGlobalSection
	GlobalSection(SolutionProperties) = preSolution
		HideSolutionNode = FALSE
	EndGlobalSection
	GlobalSection(NestedProjects) = preSolution
		{483E8DB6-449F-4180-BE83-AD7133326DDD} = {98932C88-2C7E-4092-97B8-7A3EB9D79939}
		{667CBB05-5E37-47E2-9DFD-03BD892BCBB4} = {2E950318-6B94-4D6B-9AFE-18D27AA9B5EF}
	EndGlobalSection
EndGlobal
