
Microsoft Visual Studio Solution File, Format Version 12.00
# Visual Studio 2013
VisualStudioVersion = 12.0.31101.0
MinimumVisualStudioVersion = 10.0.40219.1
Project("{2150E333-8FDC-42A3-9474-1A3956D46DE8}") = "Engine", "Engine", "{CB5B7D2D-E650-488F-A63A-96521EDEC748}"
EndProject
Project("{2150E333-8FDC-42A3-9474-1A3956D46DE8}") = "Games", "Games", "{2F6CDD60-C7DB-49FF-A1B8-C3A3248B1C21}"
EndProject
Project("{8BC9CEB8-8B4A-11D0-8D11-00A0C91BC942}") = "Neo_Terra", "Intermediate\ProjectFiles\Neo_Terra.vcxproj", "{AF86435B-398B-49B0-BD4E-5580385E2B0D}"
EndProject
Project("{8BC9CEB8-8B4A-11D0-8D11-00A0C91BC942}") = "UE4", "Intermediate\ProjectFiles\UE4.vcxproj", "{EACBEE46-652D-4006-8894-C54C6736354E}"
EndProject
Global
	GlobalSection(SolutionConfigurationPlatforms) = preSolution
		DebugGame Editor|Windows = DebugGame Editor|Windows
		DebugGame|Windows = DebugGame|Windows
		Development Editor|Windows = Development Editor|Windows
		Development|Windows = Development|Windows
		Shipping|Windows = Shipping|Windows
	EndGlobalSection
	GlobalSection(ProjectConfigurationPlatforms) = postSolution
		{AF86435B-398B-49B0-BD4E-5580385E2B0D}.DebugGame Editor|Windows.ActiveCfg = DebugGame_Editor|x64
		{AF86435B-398B-49B0-BD4E-5580385E2B0D}.DebugGame Editor|Windows.Build.0 = DebugGame_Editor|x64
		{AF86435B-398B-49B0-BD4E-5580385E2B0D}.DebugGame|Windows.ActiveCfg = DebugGame_Game|x64
		{AF86435B-398B-49B0-BD4E-5580385E2B0D}.DebugGame|Windows.Build.0 = DebugGame_Game|x64
		{AF86435B-398B-49B0-BD4E-5580385E2B0D}.Development Editor|Windows.ActiveCfg = Development_Editor|x64
		{AF86435B-398B-49B0-BD4E-5580385E2B0D}.Development Editor|Windows.Build.0 = Development_Editor|x64
		{AF86435B-398B-49B0-BD4E-5580385E2B0D}.Development|Windows.ActiveCfg = Development_Game|x64
		{AF86435B-398B-49B0-BD4E-5580385E2B0D}.Development|Windows.Build.0 = Development_Game|x64
		{AF86435B-398B-49B0-BD4E-5580385E2B0D}.Shipping|Windows.ActiveCfg = Shipping_Game|Win32
		{AF86435B-398B-49B0-BD4E-5580385E2B0D}.Shipping|Windows.Build.0 = Shipping_Game|Win32
		{EACBEE46-652D-4006-8894-C54C6736354E}.DebugGame Editor|Windows.ActiveCfg = BuiltWithUnrealBuildTool|Win32
		{EACBEE46-652D-4006-8894-C54C6736354E}.DebugGame|Windows.ActiveCfg = BuiltWithUnrealBuildTool|Win32
		{EACBEE46-652D-4006-8894-C54C6736354E}.Development Editor|Windows.ActiveCfg = BuiltWithUnrealBuildTool|Win32
		{EACBEE46-652D-4006-8894-C54C6736354E}.Development|Windows.ActiveCfg = BuiltWithUnrealBuildTool|Win32
		{EACBEE46-652D-4006-8894-C54C6736354E}.Shipping|Windows.ActiveCfg = BuiltWithUnrealBuildTool|Win32
	EndGlobalSection
	GlobalSection(SolutionProperties) = preSolution
		HideSolutionNode = FALSE
	EndGlobalSection
	GlobalSection(NestedProjects) = preSolution
		{AF86435B-398B-49B0-BD4E-5580385E2B0D} = {2F6CDD60-C7DB-49FF-A1B8-C3A3248B1C21}
		{EACBEE46-652D-4006-8894-C54C6736354E} = {CB5B7D2D-E650-488F-A63A-96521EDEC748}
	EndGlobalSection
EndGlobal
